
Microsoft Visual Studio Solution File, Format Version 12.00
# Visual Studio Version 17
VisualStudioVersion = 17.9.34616.47
MinimumVisualStudioVersion = 10.0.40219.1
Project("{9A19103F-16F7-4668-BE54-9A1E7A4F7556}") = "01-OOPDefiningClass", "01-OOPDefiningClass\01-OOPDefiningClass.csproj", "{DB542FA6-47D5-4184-BD6A-667E2EA06B69}"
EndProject
Project("{9A19103F-16F7-4668-BE54-9A1E7A4F7556}") = "02-OOPClass", "02-OOPClass\02-OOPClass.csproj", "{30BA83A5-6E6D-40CF-B242-C6AE4C843B4E}"
EndProject
Project("{9A19103F-16F7-4668-BE54-9A1E7A4F7556}") = "03-OOPLiveExcercise", "03-OOPLiveExcercise\03-OOPLiveExcercise.csproj", "{0A03779C-8A4A-4F94-82C2-C994EFB88B64}"
EndProject
Project("{9A19103F-16F7-4668-BE54-9A1E7A4F7556}") = "04-Excercise", "04-Excercise\04-Excercise.csproj", "{266471D2-95F7-4A45-A0EF-1698413BDF1E}"
EndProject
Project("{9A19103F-16F7-4668-BE54-9A1E7A4F7556}") = "05-ExcerciseStudentClass", "05-ExcerciseStudentClass\05-ExcerciseStudentClass.csproj", "{E4511E01-709D-4A2A-8AC9-B4A26E4675B3}"
EndProject
Project("{9A19103F-16F7-4668-BE54-9A1E7A4F7556}") = "06-OOPInheritence", "06-OOPInheritence\06-OOPInheritence.csproj", "{01EB8EED-C801-4D10-A26F-0E2888D7CCCE}"
EndProject
Project("{9A19103F-16F7-4668-BE54-9A1E7A4F7556}") = "07-InheritancePersonnel", "07-InheritancePersonnel\07-InheritancePersonnel.csproj", "{D4F8434D-CD4E-48C9-AD38-E8B66E9AB124}"
EndProject
Project("{9A19103F-16F7-4668-BE54-9A1E7A4F7556}") = "08-SealedBookClass", "08-SealedBookClass\08-SealedBookClass.csproj", "{4AC25375-8C24-46D9-9860-FF50B8AD7BCD}"
EndProject
Project("{9A19103F-16F7-4668-BE54-9A1E7A4F7556}") = "09-AbstractionVehicles", "09-AbstractionVehicles\09-AbstractionVehicles.csproj", "{154C3962-CFAA-400D-9F5A-4453BB310DDB}"
EndProject
Project("{9A19103F-16F7-4668-BE54-9A1E7A4F7556}") = "10-GeometricShape", "10-GeometricShape\10-GeometricShape.csproj", "{B138CCE9-D94E-448A-A241-2696A7F15199}"
EndProject
Project("{9A19103F-16F7-4668-BE54-9A1E7A4F7556}") = "11-PolymorphismTraitsVehicles", "11-PolymorphismTraitsVehicles\11-PolymorphismTraitsVehicles.csproj", "{E21F1259-5DA7-4B43-9284-D2841A9BD010}"
EndProject
Project("{9A19103F-16F7-4668-BE54-9A1E7A4F7556}") = "12-GeometricPolymorphism", "12-GeometricPolymorphism\12-GeometricPolymorphism.csproj", "{5C6F33BB-2224-4A96-B295-385C3720069F}"
EndProject
Project("{9A19103F-16F7-4668-BE54-9A1E7A4F7556}") = "13-OOPInterfacePersonnel", "13-OOPInterfacePersonnel\13-OOPInterfacePersonnel.csproj", "{E6DBEB9F-E17E-40CB-982D-FBEEE9726253}"
EndProject
Project("{9A19103F-16F7-4668-BE54-9A1E7A4F7556}") = "14-OOPInterfaceBallers", "14-OOPInterfaceBallers\14-OOPInterfaceBallers.csproj", "{3F46A90A-2A17-4110-A840-2AB75E03AB7D}"
EndProject
Project("{9A19103F-16F7-4668-BE54-9A1E7A4F7556}") = "15-InterfaceVehicle", "15-InterfaceVehicle\15-InterfaceVehicle.csproj", "{30F59AE7-E378-46F7-A627-5679BFF045B0}"
EndProject
Project("{9A19103F-16F7-4668-BE54-9A1E7A4F7556}") = "16-VehiclesExcercise", "16-VehiclesExcercise\16-VehiclesExcercise.csproj", "{66404954-690B-47D3-8182-000CC950755E}"
EndProject
Project("{9A19103F-16F7-4668-BE54-9A1E7A4F7556}") = "17-HotelStructOOP", "17-HotelStructOOP\17-HotelStructOOP.csproj", "{C0380685-F0EC-4A90-84C2-672F961142D0}"
EndProject
Project("{9A19103F-16F7-4668-BE54-9A1E7A4F7556}") = "18-OOPStructBooks", "18-OOPStructBooks\18-OOPStructBooks.csproj", "{74F05000-4686-48FE-838B-84C7950FDFDD}"
EndProject
Project("{9A19103F-16F7-4668-BE54-9A1E7A4F7556}") = "19-EnumOOP", "19-EnumOOP\19-EnumOOP.csproj", "{2F793709-A66C-4BB6-9C76-244A9D4A2BB7}"
EndProject
Project("{9A19103F-16F7-4668-BE54-9A1E7A4F7556}") = "20-OOPEnumPersonnel", "20-OOPEnumPersonnel\20-OOPEnumPersonnel.csproj", "{F61B0C4B-8E14-4242-8B25-DA32EE959D57}"
EndProject
Project("{9A19103F-16F7-4668-BE54-9A1E7A4F7556}") = "21-She'sLikeARainbow", "21-She'sLikeARainbow\21-She'sLikeARainbow.csproj", "{C5B650A3-4A71-4CFB-85BD-1C7FFBACF2AF}"
EndProject
Project("{9A19103F-16F7-4668-BE54-9A1E7A4F7556}") = "22-OOPStaticPhysicsLibrary", "22-OOPStaticPhysicsLibrary\22-OOPStaticPhysicsLibrary.csproj", "{C44E25BC-6DDE-4132-8248-AF01210E394E}"
EndProject
Project("{9A19103F-16F7-4668-BE54-9A1E7A4F7556}") = "23-SerializationStudent", "23-SerializationStudent\23-SerializationStudent.csproj", "{0D38C06A-395D-4064-A380-FC37D1668C02}"
EndProject
Project("{9A19103F-16F7-4668-BE54-9A1E7A4F7556}") = "24-Excercise", "24-Excercise\24-Excercise.csproj", "{E2561692-4DB4-4CB5-80C2-32D02B3F9AB4}"
EndProject
Project("{9A19103F-16F7-4668-BE54-9A1E7A4F7556}") = "25-OOPGenericConcept", "25-OOPGenericConcept\25-OOPGenericConcept.csproj", "{9AD714D2-CD14-497B-8924-9F46E9DB5F39}"
EndProject
Project("{FAE04EC0-301F-11D3-BF4B-00C04F79EFBC}") = "26-TryingToAddReference", "26-TryingToAddReference\26-TryingToAddReference.csproj", "{8A46BDAC-20BB-455C-B4B0-F287B319F3D0}"
EndProject
Global
	GlobalSection(SolutionConfigurationPlatforms) = preSolution
		Debug|Any CPU = Debug|Any CPU
		Debug|ARM = Debug|ARM
		Debug|ARM64 = Debug|ARM64
		Debug|x64 = Debug|x64
		Debug|x86 = Debug|x86
		Release|Any CPU = Release|Any CPU
		Release|ARM = Release|ARM
		Release|ARM64 = Release|ARM64
		Release|x64 = Release|x64
		Release|x86 = Release|x86
	EndGlobalSection
	GlobalSection(ProjectConfigurationPlatforms) = postSolution
		{DB542FA6-47D5-4184-BD6A-667E2EA06B69}.Debug|Any CPU.ActiveCfg = Debug|Any CPU
		{DB542FA6-47D5-4184-BD6A-667E2EA06B69}.Debug|Any CPU.Build.0 = Debug|Any CPU
		{DB542FA6-47D5-4184-BD6A-667E2EA06B69}.Debug|ARM.ActiveCfg = Debug|Any CPU
		{DB542FA6-47D5-4184-BD6A-667E2EA06B69}.Debug|ARM.Build.0 = Debug|Any CPU
		{DB542FA6-47D5-4184-BD6A-667E2EA06B69}.Debug|ARM64.ActiveCfg = Debug|Any CPU
		{DB542FA6-47D5-4184-BD6A-667E2EA06B69}.Debug|ARM64.Build.0 = Debug|Any CPU
		{DB542FA6-47D5-4184-BD6A-667E2EA06B69}.Debug|x64.ActiveCfg = Debug|Any CPU
		{DB542FA6-47D5-4184-BD6A-667E2EA06B69}.Debug|x64.Build.0 = Debug|Any CPU
		{DB542FA6-47D5-4184-BD6A-667E2EA06B69}.Debug|x86.ActiveCfg = Debug|Any CPU
		{DB542FA6-47D5-4184-BD6A-667E2EA06B69}.Debug|x86.Build.0 = Debug|Any CPU
		{DB542FA6-47D5-4184-BD6A-667E2EA06B69}.Release|Any CPU.ActiveCfg = Release|Any CPU
		{DB542FA6-47D5-4184-BD6A-667E2EA06B69}.Release|Any CPU.Build.0 = Release|Any CPU
		{DB542FA6-47D5-4184-BD6A-667E2EA06B69}.Release|ARM.ActiveCfg = Release|Any CPU
		{DB542FA6-47D5-4184-BD6A-667E2EA06B69}.Release|ARM.Build.0 = Release|Any CPU
		{DB542FA6-47D5-4184-BD6A-667E2EA06B69}.Release|ARM64.ActiveCfg = Release|Any CPU
		{DB542FA6-47D5-4184-BD6A-667E2EA06B69}.Release|ARM64.Build.0 = Release|Any CPU
		{DB542FA6-47D5-4184-BD6A-667E2EA06B69}.Release|x64.ActiveCfg = Release|Any CPU
		{DB542FA6-47D5-4184-BD6A-667E2EA06B69}.Release|x64.Build.0 = Release|Any CPU
		{DB542FA6-47D5-4184-BD6A-667E2EA06B69}.Release|x86.ActiveCfg = Release|Any CPU
		{DB542FA6-47D5-4184-BD6A-667E2EA06B69}.Release|x86.Build.0 = Release|Any CPU
		{30BA83A5-6E6D-40CF-B242-C6AE4C843B4E}.Debug|Any CPU.ActiveCfg = Debug|Any CPU
		{30BA83A5-6E6D-40CF-B242-C6AE4C843B4E}.Debug|Any CPU.Build.0 = Debug|Any CPU
		{30BA83A5-6E6D-40CF-B242-C6AE4C843B4E}.Debug|ARM.ActiveCfg = Debug|Any CPU
		{30BA83A5-6E6D-40CF-B242-C6AE4C843B4E}.Debug|ARM.Build.0 = Debug|Any CPU
		{30BA83A5-6E6D-40CF-B242-C6AE4C843B4E}.Debug|ARM64.ActiveCfg = Debug|Any CPU
		{30BA83A5-6E6D-40CF-B242-C6AE4C843B4E}.Debug|ARM64.Build.0 = Debug|Any CPU
		{30BA83A5-6E6D-40CF-B242-C6AE4C843B4E}.Debug|x64.ActiveCfg = Debug|Any CPU
		{30BA83A5-6E6D-40CF-B242-C6AE4C843B4E}.Debug|x64.Build.0 = Debug|Any CPU
		{30BA83A5-6E6D-40CF-B242-C6AE4C843B4E}.Debug|x86.ActiveCfg = Debug|Any CPU
		{30BA83A5-6E6D-40CF-B242-C6AE4C843B4E}.Debug|x86.Build.0 = Debug|Any CPU
		{30BA83A5-6E6D-40CF-B242-C6AE4C843B4E}.Release|Any CPU.ActiveCfg = Release|Any CPU
		{30BA83A5-6E6D-40CF-B242-C6AE4C843B4E}.Release|Any CPU.Build.0 = Release|Any CPU
		{30BA83A5-6E6D-40CF-B242-C6AE4C843B4E}.Release|ARM.ActiveCfg = Release|Any CPU
		{30BA83A5-6E6D-40CF-B242-C6AE4C843B4E}.Release|ARM.Build.0 = Release|Any CPU
		{30BA83A5-6E6D-40CF-B242-C6AE4C843B4E}.Release|ARM64.ActiveCfg = Release|Any CPU
		{30BA83A5-6E6D-40CF-B242-C6AE4C843B4E}.Release|ARM64.Build.0 = Release|Any CPU
		{30BA83A5-6E6D-40CF-B242-C6AE4C843B4E}.Release|x64.ActiveCfg = Release|Any CPU
		{30BA83A5-6E6D-40CF-B242-C6AE4C843B4E}.Release|x64.Build.0 = Release|Any CPU
		{30BA83A5-6E6D-40CF-B242-C6AE4C843B4E}.Release|x86.ActiveCfg = Release|Any CPU
		{30BA83A5-6E6D-40CF-B242-C6AE4C843B4E}.Release|x86.Build.0 = Release|Any CPU
		{0A03779C-8A4A-4F94-82C2-C994EFB88B64}.Debug|Any CPU.ActiveCfg = Debug|Any CPU
		{0A03779C-8A4A-4F94-82C2-C994EFB88B64}.Debug|Any CPU.Build.0 = Debug|Any CPU
		{0A03779C-8A4A-4F94-82C2-C994EFB88B64}.Debug|ARM.ActiveCfg = Debug|Any CPU
		{0A03779C-8A4A-4F94-82C2-C994EFB88B64}.Debug|ARM.Build.0 = Debug|Any CPU
		{0A03779C-8A4A-4F94-82C2-C994EFB88B64}.Debug|ARM64.ActiveCfg = Debug|Any CPU
		{0A03779C-8A4A-4F94-82C2-C994EFB88B64}.Debug|ARM64.Build.0 = Debug|Any CPU
		{0A03779C-8A4A-4F94-82C2-C994EFB88B64}.Debug|x64.ActiveCfg = Debug|Any CPU
		{0A03779C-8A4A-4F94-82C2-C994EFB88B64}.Debug|x64.Build.0 = Debug|Any CPU
		{0A03779C-8A4A-4F94-82C2-C994EFB88B64}.Debug|x86.ActiveCfg = Debug|Any CPU
		{0A03779C-8A4A-4F94-82C2-C994EFB88B64}.Debug|x86.Build.0 = Debug|Any CPU
		{0A03779C-8A4A-4F94-82C2-C994EFB88B64}.Release|Any CPU.ActiveCfg = Release|Any CPU
		{0A03779C-8A4A-4F94-82C2-C994EFB88B64}.Release|Any CPU.Build.0 = Release|Any CPU
		{0A03779C-8A4A-4F94-82C2-C994EFB88B64}.Release|ARM.ActiveCfg = Release|Any CPU
		{0A03779C-8A4A-4F94-82C2-C994EFB88B64}.Release|ARM.Build.0 = Release|Any CPU
		{0A03779C-8A4A-4F94-82C2-C994EFB88B64}.Release|ARM64.ActiveCfg = Release|Any CPU
		{0A03779C-8A4A-4F94-82C2-C994EFB88B64}.Release|ARM64.Build.0 = Release|Any CPU
		{0A03779C-8A4A-4F94-82C2-C994EFB88B64}.Release|x64.ActiveCfg = Release|Any CPU
		{0A03779C-8A4A-4F94-82C2-C994EFB88B64}.Release|x64.Build.0 = Release|Any CPU
		{0A03779C-8A4A-4F94-82C2-C994EFB88B64}.Release|x86.ActiveCfg = Release|Any CPU
		{0A03779C-8A4A-4F94-82C2-C994EFB88B64}.Release|x86.Build.0 = Release|Any CPU
		{266471D2-95F7-4A45-A0EF-1698413BDF1E}.Debug|Any CPU.ActiveCfg = Debug|Any CPU
		{266471D2-95F7-4A45-A0EF-1698413BDF1E}.Debug|Any CPU.Build.0 = Debug|Any CPU
		{266471D2-95F7-4A45-A0EF-1698413BDF1E}.Debug|ARM.ActiveCfg = Debug|Any CPU
		{266471D2-95F7-4A45-A0EF-1698413BDF1E}.Debug|ARM.Build.0 = Debug|Any CPU
		{266471D2-95F7-4A45-A0EF-1698413BDF1E}.Debug|ARM64.ActiveCfg = Debug|Any CPU
		{266471D2-95F7-4A45-A0EF-1698413BDF1E}.Debug|ARM64.Build.0 = Debug|Any CPU
		{266471D2-95F7-4A45-A0EF-1698413BDF1E}.Debug|x64.ActiveCfg = Debug|Any CPU
		{266471D2-95F7-4A45-A0EF-1698413BDF1E}.Debug|x64.Build.0 = Debug|Any CPU
		{266471D2-95F7-4A45-A0EF-1698413BDF1E}.Debug|x86.ActiveCfg = Debug|Any CPU
		{266471D2-95F7-4A45-A0EF-1698413BDF1E}.Debug|x86.Build.0 = Debug|Any CPU
		{266471D2-95F7-4A45-A0EF-1698413BDF1E}.Release|Any CPU.ActiveCfg = Release|Any CPU
		{266471D2-95F7-4A45-A0EF-1698413BDF1E}.Release|Any CPU.Build.0 = Release|Any CPU
		{266471D2-95F7-4A45-A0EF-1698413BDF1E}.Release|ARM.ActiveCfg = Release|Any CPU
		{266471D2-95F7-4A45-A0EF-1698413BDF1E}.Release|ARM.Build.0 = Release|Any CPU
		{266471D2-95F7-4A45-A0EF-1698413BDF1E}.Release|ARM64.ActiveCfg = Release|Any CPU
		{266471D2-95F7-4A45-A0EF-1698413BDF1E}.Release|ARM64.Build.0 = Release|Any CPU
		{266471D2-95F7-4A45-A0EF-1698413BDF1E}.Release|x64.ActiveCfg = Release|Any CPU
		{266471D2-95F7-4A45-A0EF-1698413BDF1E}.Release|x64.Build.0 = Release|Any CPU
		{266471D2-95F7-4A45-A0EF-1698413BDF1E}.Release|x86.ActiveCfg = Release|Any CPU
		{266471D2-95F7-4A45-A0EF-1698413BDF1E}.Release|x86.Build.0 = Release|Any CPU
		{E4511E01-709D-4A2A-8AC9-B4A26E4675B3}.Debug|Any CPU.ActiveCfg = Debug|Any CPU
		{E4511E01-709D-4A2A-8AC9-B4A26E4675B3}.Debug|Any CPU.Build.0 = Debug|Any CPU
		{E4511E01-709D-4A2A-8AC9-B4A26E4675B3}.Debug|ARM.ActiveCfg = Debug|Any CPU
		{E4511E01-709D-4A2A-8AC9-B4A26E4675B3}.Debug|ARM.Build.0 = Debug|Any CPU
		{E4511E01-709D-4A2A-8AC9-B4A26E4675B3}.Debug|ARM64.ActiveCfg = Debug|Any CPU
		{E4511E01-709D-4A2A-8AC9-B4A26E4675B3}.Debug|ARM64.Build.0 = Debug|Any CPU
		{E4511E01-709D-4A2A-8AC9-B4A26E4675B3}.Debug|x64.ActiveCfg = Debug|Any CPU
		{E4511E01-709D-4A2A-8AC9-B4A26E4675B3}.Debug|x64.Build.0 = Debug|Any CPU
		{E4511E01-709D-4A2A-8AC9-B4A26E4675B3}.Debug|x86.ActiveCfg = Debug|Any CPU
		{E4511E01-709D-4A2A-8AC9-B4A26E4675B3}.Debug|x86.Build.0 = Debug|Any CPU
		{E4511E01-709D-4A2A-8AC9-B4A26E4675B3}.Release|Any CPU.ActiveCfg = Release|Any CPU
		{E4511E01-709D-4A2A-8AC9-B4A26E4675B3}.Release|Any CPU.Build.0 = Release|Any CPU
		{E4511E01-709D-4A2A-8AC9-B4A26E4675B3}.Release|ARM.ActiveCfg = Release|Any CPU
		{E4511E01-709D-4A2A-8AC9-B4A26E4675B3}.Release|ARM.Build.0 = Release|Any CPU
		{E4511E01-709D-4A2A-8AC9-B4A26E4675B3}.Release|ARM64.ActiveCfg = Release|Any CPU
		{E4511E01-709D-4A2A-8AC9-B4A26E4675B3}.Release|ARM64.Build.0 = Release|Any CPU
		{E4511E01-709D-4A2A-8AC9-B4A26E4675B3}.Release|x64.ActiveCfg = Release|Any CPU
		{E4511E01-709D-4A2A-8AC9-B4A26E4675B3}.Release|x64.Build.0 = Release|Any CPU
		{E4511E01-709D-4A2A-8AC9-B4A26E4675B3}.Release|x86.ActiveCfg = Release|Any CPU
		{E4511E01-709D-4A2A-8AC9-B4A26E4675B3}.Release|x86.Build.0 = Release|Any CPU
		{01EB8EED-C801-4D10-A26F-0E2888D7CCCE}.Debug|Any CPU.ActiveCfg = Debug|Any CPU
		{01EB8EED-C801-4D10-A26F-0E2888D7CCCE}.Debug|Any CPU.Build.0 = Debug|Any CPU
		{01EB8EED-C801-4D10-A26F-0E2888D7CCCE}.Debug|ARM.ActiveCfg = Debug|Any CPU
		{01EB8EED-C801-4D10-A26F-0E2888D7CCCE}.Debug|ARM.Build.0 = Debug|Any CPU
		{01EB8EED-C801-4D10-A26F-0E2888D7CCCE}.Debug|ARM64.ActiveCfg = Debug|Any CPU
		{01EB8EED-C801-4D10-A26F-0E2888D7CCCE}.Debug|ARM64.Build.0 = Debug|Any CPU
		{01EB8EED-C801-4D10-A26F-0E2888D7CCCE}.Debug|x64.ActiveCfg = Debug|Any CPU
		{01EB8EED-C801-4D10-A26F-0E2888D7CCCE}.Debug|x64.Build.0 = Debug|Any CPU
		{01EB8EED-C801-4D10-A26F-0E2888D7CCCE}.Debug|x86.ActiveCfg = Debug|Any CPU
		{01EB8EED-C801-4D10-A26F-0E2888D7CCCE}.Debug|x86.Build.0 = Debug|Any CPU
		{01EB8EED-C801-4D10-A26F-0E2888D7CCCE}.Release|Any CPU.ActiveCfg = Release|Any CPU
		{01EB8EED-C801-4D10-A26F-0E2888D7CCCE}.Release|Any CPU.Build.0 = Release|Any CPU
		{01EB8EED-C801-4D10-A26F-0E2888D7CCCE}.Release|ARM.ActiveCfg = Release|Any CPU
		{01EB8EED-C801-4D10-A26F-0E2888D7CCCE}.Release|ARM.Build.0 = Release|Any CPU
		{01EB8EED-C801-4D10-A26F-0E2888D7CCCE}.Release|ARM64.ActiveCfg = Release|Any CPU
		{01EB8EED-C801-4D10-A26F-0E2888D7CCCE}.Release|ARM64.Build.0 = Release|Any CPU
		{01EB8EED-C801-4D10-A26F-0E2888D7CCCE}.Release|x64.ActiveCfg = Release|Any CPU
		{01EB8EED-C801-4D10-A26F-0E2888D7CCCE}.Release|x64.Build.0 = Release|Any CPU
		{01EB8EED-C801-4D10-A26F-0E2888D7CCCE}.Release|x86.ActiveCfg = Release|Any CPU
		{01EB8EED-C801-4D10-A26F-0E2888D7CCCE}.Release|x86.Build.0 = Release|Any CPU
		{D4F8434D-CD4E-48C9-AD38-E8B66E9AB124}.Debug|Any CPU.ActiveCfg = Debug|Any CPU
		{D4F8434D-CD4E-48C9-AD38-E8B66E9AB124}.Debug|Any CPU.Build.0 = Debug|Any CPU
		{D4F8434D-CD4E-48C9-AD38-E8B66E9AB124}.Debug|ARM.ActiveCfg = Debug|Any CPU
		{D4F8434D-CD4E-48C9-AD38-E8B66E9AB124}.Debug|ARM.Build.0 = Debug|Any CPU
		{D4F8434D-CD4E-48C9-AD38-E8B66E9AB124}.Debug|ARM64.ActiveCfg = Debug|Any CPU
		{D4F8434D-CD4E-48C9-AD38-E8B66E9AB124}.Debug|ARM64.Build.0 = Debug|Any CPU
		{D4F8434D-CD4E-48C9-AD38-E8B66E9AB124}.Debug|x64.ActiveCfg = Debug|Any CPU
		{D4F8434D-CD4E-48C9-AD38-E8B66E9AB124}.Debug|x64.Build.0 = Debug|Any CPU
		{D4F8434D-CD4E-48C9-AD38-E8B66E9AB124}.Debug|x86.ActiveCfg = Debug|Any CPU
		{D4F8434D-CD4E-48C9-AD38-E8B66E9AB124}.Debug|x86.Build.0 = Debug|Any CPU
		{D4F8434D-CD4E-48C9-AD38-E8B66E9AB124}.Release|Any CPU.ActiveCfg = Release|Any CPU
		{D4F8434D-CD4E-48C9-AD38-E8B66E9AB124}.Release|Any CPU.Build.0 = Release|Any CPU
		{D4F8434D-CD4E-48C9-AD38-E8B66E9AB124}.Release|ARM.ActiveCfg = Release|Any CPU
		{D4F8434D-CD4E-48C9-AD38-E8B66E9AB124}.Release|ARM.Build.0 = Release|Any CPU
		{D4F8434D-CD4E-48C9-AD38-E8B66E9AB124}.Release|ARM64.ActiveCfg = Release|Any CPU
		{D4F8434D-CD4E-48C9-AD38-E8B66E9AB124}.Release|ARM64.Build.0 = Release|Any CPU
		{D4F8434D-CD4E-48C9-AD38-E8B66E9AB124}.Release|x64.ActiveCfg = Release|Any CPU
		{D4F8434D-CD4E-48C9-AD38-E8B66E9AB124}.Release|x64.Build.0 = Release|Any CPU
		{D4F8434D-CD4E-48C9-AD38-E8B66E9AB124}.Release|x86.ActiveCfg = Release|Any CPU
		{D4F8434D-CD4E-48C9-AD38-E8B66E9AB124}.Release|x86.Build.0 = Release|Any CPU
		{4AC25375-8C24-46D9-9860-FF50B8AD7BCD}.Debug|Any CPU.ActiveCfg = Debug|Any CPU
		{4AC25375-8C24-46D9-9860-FF50B8AD7BCD}.Debug|Any CPU.Build.0 = Debug|Any CPU
		{4AC25375-8C24-46D9-9860-FF50B8AD7BCD}.Debug|ARM.ActiveCfg = Debug|Any CPU
		{4AC25375-8C24-46D9-9860-FF50B8AD7BCD}.Debug|ARM.Build.0 = Debug|Any CPU
		{4AC25375-8C24-46D9-9860-FF50B8AD7BCD}.Debug|ARM64.ActiveCfg = Debug|Any CPU
		{4AC25375-8C24-46D9-9860-FF50B8AD7BCD}.Debug|ARM64.Build.0 = Debug|Any CPU
		{4AC25375-8C24-46D9-9860-FF50B8AD7BCD}.Debug|x64.ActiveCfg = Debug|Any CPU
		{4AC25375-8C24-46D9-9860-FF50B8AD7BCD}.Debug|x64.Build.0 = Debug|Any CPU
		{4AC25375-8C24-46D9-9860-FF50B8AD7BCD}.Debug|x86.ActiveCfg = Debug|Any CPU
		{4AC25375-8C24-46D9-9860-FF50B8AD7BCD}.Debug|x86.Build.0 = Debug|Any CPU
		{4AC25375-8C24-46D9-9860-FF50B8AD7BCD}.Release|Any CPU.ActiveCfg = Release|Any CPU
		{4AC25375-8C24-46D9-9860-FF50B8AD7BCD}.Release|Any CPU.Build.0 = Release|Any CPU
		{4AC25375-8C24-46D9-9860-FF50B8AD7BCD}.Release|ARM.ActiveCfg = Release|Any CPU
		{4AC25375-8C24-46D9-9860-FF50B8AD7BCD}.Release|ARM.Build.0 = Release|Any CPU
		{4AC25375-8C24-46D9-9860-FF50B8AD7BCD}.Release|ARM64.ActiveCfg = Release|Any CPU
		{4AC25375-8C24-46D9-9860-FF50B8AD7BCD}.Release|ARM64.Build.0 = Release|Any CPU
		{4AC25375-8C24-46D9-9860-FF50B8AD7BCD}.Release|x64.ActiveCfg = Release|Any CPU
		{4AC25375-8C24-46D9-9860-FF50B8AD7BCD}.Release|x64.Build.0 = Release|Any CPU
		{4AC25375-8C24-46D9-9860-FF50B8AD7BCD}.Release|x86.ActiveCfg = Release|Any CPU
		{4AC25375-8C24-46D9-9860-FF50B8AD7BCD}.Release|x86.Build.0 = Release|Any CPU
		{154C3962-CFAA-400D-9F5A-4453BB310DDB}.Debug|Any CPU.ActiveCfg = Debug|Any CPU
		{154C3962-CFAA-400D-9F5A-4453BB310DDB}.Debug|Any CPU.Build.0 = Debug|Any CPU
		{154C3962-CFAA-400D-9F5A-4453BB310DDB}.Debug|ARM.ActiveCfg = Debug|Any CPU
		{154C3962-CFAA-400D-9F5A-4453BB310DDB}.Debug|ARM.Build.0 = Debug|Any CPU
		{154C3962-CFAA-400D-9F5A-4453BB310DDB}.Debug|ARM64.ActiveCfg = Debug|Any CPU
		{154C3962-CFAA-400D-9F5A-4453BB310DDB}.Debug|ARM64.Build.0 = Debug|Any CPU
		{154C3962-CFAA-400D-9F5A-4453BB310DDB}.Debug|x64.ActiveCfg = Debug|Any CPU
		{154C3962-CFAA-400D-9F5A-4453BB310DDB}.Debug|x64.Build.0 = Debug|Any CPU
		{154C3962-CFAA-400D-9F5A-4453BB310DDB}.Debug|x86.ActiveCfg = Debug|Any CPU
		{154C3962-CFAA-400D-9F5A-4453BB310DDB}.Debug|x86.Build.0 = Debug|Any CPU
		{154C3962-CFAA-400D-9F5A-4453BB310DDB}.Release|Any CPU.ActiveCfg = Release|Any CPU
		{154C3962-CFAA-400D-9F5A-4453BB310DDB}.Release|Any CPU.Build.0 = Release|Any CPU
		{154C3962-CFAA-400D-9F5A-4453BB310DDB}.Release|ARM.ActiveCfg = Release|Any CPU
		{154C3962-CFAA-400D-9F5A-4453BB310DDB}.Release|ARM.Build.0 = Release|Any CPU
		{154C3962-CFAA-400D-9F5A-4453BB310DDB}.Release|ARM64.ActiveCfg = Release|Any CPU
		{154C3962-CFAA-400D-9F5A-4453BB310DDB}.Release|ARM64.Build.0 = Release|Any CPU
		{154C3962-CFAA-400D-9F5A-4453BB310DDB}.Release|x64.ActiveCfg = Release|Any CPU
		{154C3962-CFAA-400D-9F5A-4453BB310DDB}.Release|x64.Build.0 = Release|Any CPU
		{154C3962-CFAA-400D-9F5A-4453BB310DDB}.Release|x86.ActiveCfg = Release|Any CPU
		{154C3962-CFAA-400D-9F5A-4453BB310DDB}.Release|x86.Build.0 = Release|Any CPU
		{B138CCE9-D94E-448A-A241-2696A7F15199}.Debug|Any CPU.ActiveCfg = Debug|Any CPU
		{B138CCE9-D94E-448A-A241-2696A7F15199}.Debug|Any CPU.Build.0 = Debug|Any CPU
		{B138CCE9-D94E-448A-A241-2696A7F15199}.Debug|ARM.ActiveCfg = Debug|Any CPU
		{B138CCE9-D94E-448A-A241-2696A7F15199}.Debug|ARM.Build.0 = Debug|Any CPU
		{B138CCE9-D94E-448A-A241-2696A7F15199}.Debug|ARM64.ActiveCfg = Debug|Any CPU
		{B138CCE9-D94E-448A-A241-2696A7F15199}.Debug|ARM64.Build.0 = Debug|Any CPU
		{B138CCE9-D94E-448A-A241-2696A7F15199}.Debug|x64.ActiveCfg = Debug|Any CPU
		{B138CCE9-D94E-448A-A241-2696A7F15199}.Debug|x64.Build.0 = Debug|Any CPU
		{B138CCE9-D94E-448A-A241-2696A7F15199}.Debug|x86.ActiveCfg = Debug|Any CPU
		{B138CCE9-D94E-448A-A241-2696A7F15199}.Debug|x86.Build.0 = Debug|Any CPU
		{B138CCE9-D94E-448A-A241-2696A7F15199}.Release|Any CPU.ActiveCfg = Release|Any CPU
		{B138CCE9-D94E-448A-A241-2696A7F15199}.Release|Any CPU.Build.0 = Release|Any CPU
		{B138CCE9-D94E-448A-A241-2696A7F15199}.Release|ARM.ActiveCfg = Release|Any CPU
		{B138CCE9-D94E-448A-A241-2696A7F15199}.Release|ARM.Build.0 = Release|Any CPU
		{B138CCE9-D94E-448A-A241-2696A7F15199}.Release|ARM64.ActiveCfg = Release|Any CPU
		{B138CCE9-D94E-448A-A241-2696A7F15199}.Release|ARM64.Build.0 = Release|Any CPU
		{B138CCE9-D94E-448A-A241-2696A7F15199}.Release|x64.ActiveCfg = Release|Any CPU
		{B138CCE9-D94E-448A-A241-2696A7F15199}.Release|x64.Build.0 = Release|Any CPU
		{B138CCE9-D94E-448A-A241-2696A7F15199}.Release|x86.ActiveCfg = Release|Any CPU
		{B138CCE9-D94E-448A-A241-2696A7F15199}.Release|x86.Build.0 = Release|Any CPU
		{E21F1259-5DA7-4B43-9284-D2841A9BD010}.Debug|Any CPU.ActiveCfg = Debug|Any CPU
		{E21F1259-5DA7-4B43-9284-D2841A9BD010}.Debug|Any CPU.Build.0 = Debug|Any CPU
		{E21F1259-5DA7-4B43-9284-D2841A9BD010}.Debug|ARM.ActiveCfg = Debug|Any CPU
		{E21F1259-5DA7-4B43-9284-D2841A9BD010}.Debug|ARM.Build.0 = Debug|Any CPU
		{E21F1259-5DA7-4B43-9284-D2841A9BD010}.Debug|ARM64.ActiveCfg = Debug|Any CPU
		{E21F1259-5DA7-4B43-9284-D2841A9BD010}.Debug|ARM64.Build.0 = Debug|Any CPU
		{E21F1259-5DA7-4B43-9284-D2841A9BD010}.Debug|x64.ActiveCfg = Debug|Any CPU
		{E21F1259-5DA7-4B43-9284-D2841A9BD010}.Debug|x64.Build.0 = Debug|Any CPU
		{E21F1259-5DA7-4B43-9284-D2841A9BD010}.Debug|x86.ActiveCfg = Debug|Any CPU
		{E21F1259-5DA7-4B43-9284-D2841A9BD010}.Debug|x86.Build.0 = Debug|Any CPU
		{E21F1259-5DA7-4B43-9284-D2841A9BD010}.Release|Any CPU.ActiveCfg = Release|Any CPU
		{E21F1259-5DA7-4B43-9284-D2841A9BD010}.Release|Any CPU.Build.0 = Release|Any CPU
		{E21F1259-5DA7-4B43-9284-D2841A9BD010}.Release|ARM.ActiveCfg = Release|Any CPU
		{E21F1259-5DA7-4B43-9284-D2841A9BD010}.Release|ARM.Build.0 = Release|Any CPU
		{E21F1259-5DA7-4B43-9284-D2841A9BD010}.Release|ARM64.ActiveCfg = Release|Any CPU
		{E21F1259-5DA7-4B43-9284-D2841A9BD010}.Release|ARM64.Build.0 = Release|Any CPU
		{E21F1259-5DA7-4B43-9284-D2841A9BD010}.Release|x64.ActiveCfg = Release|Any CPU
		{E21F1259-5DA7-4B43-9284-D2841A9BD010}.Release|x64.Build.0 = Release|Any CPU
		{E21F1259-5DA7-4B43-9284-D2841A9BD010}.Release|x86.ActiveCfg = Release|Any CPU
		{E21F1259-5DA7-4B43-9284-D2841A9BD010}.Release|x86.Build.0 = Release|Any CPU
		{5C6F33BB-2224-4A96-B295-385C3720069F}.Debug|Any CPU.ActiveCfg = Debug|Any CPU
		{5C6F33BB-2224-4A96-B295-385C3720069F}.Debug|Any CPU.Build.0 = Debug|Any CPU
		{5C6F33BB-2224-4A96-B295-385C3720069F}.Debug|ARM.ActiveCfg = Debug|Any CPU
		{5C6F33BB-2224-4A96-B295-385C3720069F}.Debug|ARM.Build.0 = Debug|Any CPU
		{5C6F33BB-2224-4A96-B295-385C3720069F}.Debug|ARM64.ActiveCfg = Debug|Any CPU
		{5C6F33BB-2224-4A96-B295-385C3720069F}.Debug|ARM64.Build.0 = Debug|Any CPU
		{5C6F33BB-2224-4A96-B295-385C3720069F}.Debug|x64.ActiveCfg = Debug|Any CPU
		{5C6F33BB-2224-4A96-B295-385C3720069F}.Debug|x64.Build.0 = Debug|Any CPU
		{5C6F33BB-2224-4A96-B295-385C3720069F}.Debug|x86.ActiveCfg = Debug|Any CPU
		{5C6F33BB-2224-4A96-B295-385C3720069F}.Debug|x86.Build.0 = Debug|Any CPU
		{5C6F33BB-2224-4A96-B295-385C3720069F}.Release|Any CPU.ActiveCfg = Release|Any CPU
		{5C6F33BB-2224-4A96-B295-385C3720069F}.Release|Any CPU.Build.0 = Release|Any CPU
		{5C6F33BB-2224-4A96-B295-385C3720069F}.Release|ARM.ActiveCfg = Release|Any CPU
		{5C6F33BB-2224-4A96-B295-385C3720069F}.Release|ARM.Build.0 = Release|Any CPU
		{5C6F33BB-2224-4A96-B295-385C3720069F}.Release|ARM64.ActiveCfg = Release|Any CPU
		{5C6F33BB-2224-4A96-B295-385C3720069F}.Release|ARM64.Build.0 = Release|Any CPU
		{5C6F33BB-2224-4A96-B295-385C3720069F}.Release|x64.ActiveCfg = Release|Any CPU
		{5C6F33BB-2224-4A96-B295-385C3720069F}.Release|x64.Build.0 = Release|Any CPU
		{5C6F33BB-2224-4A96-B295-385C3720069F}.Release|x86.ActiveCfg = Release|Any CPU
		{5C6F33BB-2224-4A96-B295-385C3720069F}.Release|x86.Build.0 = Release|Any CPU
		{E6DBEB9F-E17E-40CB-982D-FBEEE9726253}.Debug|Any CPU.ActiveCfg = Debug|Any CPU
		{E6DBEB9F-E17E-40CB-982D-FBEEE9726253}.Debug|Any CPU.Build.0 = Debug|Any CPU
		{E6DBEB9F-E17E-40CB-982D-FBEEE9726253}.Debug|ARM.ActiveCfg = Debug|Any CPU
		{E6DBEB9F-E17E-40CB-982D-FBEEE9726253}.Debug|ARM.Build.0 = Debug|Any CPU
		{E6DBEB9F-E17E-40CB-982D-FBEEE9726253}.Debug|ARM64.ActiveCfg = Debug|Any CPU
		{E6DBEB9F-E17E-40CB-982D-FBEEE9726253}.Debug|ARM64.Build.0 = Debug|Any CPU
		{E6DBEB9F-E17E-40CB-982D-FBEEE9726253}.Debug|x64.ActiveCfg = Debug|Any CPU
		{E6DBEB9F-E17E-40CB-982D-FBEEE9726253}.Debug|x64.Build.0 = Debug|Any CPU
		{E6DBEB9F-E17E-40CB-982D-FBEEE9726253}.Debug|x86.ActiveCfg = Debug|Any CPU
		{E6DBEB9F-E17E-40CB-982D-FBEEE9726253}.Debug|x86.Build.0 = Debug|Any CPU
		{E6DBEB9F-E17E-40CB-982D-FBEEE9726253}.Release|Any CPU.ActiveCfg = Release|Any CPU
		{E6DBEB9F-E17E-40CB-982D-FBEEE9726253}.Release|Any CPU.Build.0 = Release|Any CPU
		{E6DBEB9F-E17E-40CB-982D-FBEEE9726253}.Release|ARM.ActiveCfg = Release|Any CPU
		{E6DBEB9F-E17E-40CB-982D-FBEEE9726253}.Release|ARM.Build.0 = Release|Any CPU
		{E6DBEB9F-E17E-40CB-982D-FBEEE9726253}.Release|ARM64.ActiveCfg = Release|Any CPU
		{E6DBEB9F-E17E-40CB-982D-FBEEE9726253}.Release|ARM64.Build.0 = Release|Any CPU
		{E6DBEB9F-E17E-40CB-982D-FBEEE9726253}.Release|x64.ActiveCfg = Release|Any CPU
		{E6DBEB9F-E17E-40CB-982D-FBEEE9726253}.Release|x64.Build.0 = Release|Any CPU
		{E6DBEB9F-E17E-40CB-982D-FBEEE9726253}.Release|x86.ActiveCfg = Release|Any CPU
		{E6DBEB9F-E17E-40CB-982D-FBEEE9726253}.Release|x86.Build.0 = Release|Any CPU
		{3F46A90A-2A17-4110-A840-2AB75E03AB7D}.Debug|Any CPU.ActiveCfg = Debug|Any CPU
		{3F46A90A-2A17-4110-A840-2AB75E03AB7D}.Debug|Any CPU.Build.0 = Debug|Any CPU
		{3F46A90A-2A17-4110-A840-2AB75E03AB7D}.Debug|ARM.ActiveCfg = Debug|Any CPU
		{3F46A90A-2A17-4110-A840-2AB75E03AB7D}.Debug|ARM.Build.0 = Debug|Any CPU
		{3F46A90A-2A17-4110-A840-2AB75E03AB7D}.Debug|ARM64.ActiveCfg = Debug|Any CPU
		{3F46A90A-2A17-4110-A840-2AB75E03AB7D}.Debug|ARM64.Build.0 = Debug|Any CPU
		{3F46A90A-2A17-4110-A840-2AB75E03AB7D}.Debug|x64.ActiveCfg = Debug|Any CPU
		{3F46A90A-2A17-4110-A840-2AB75E03AB7D}.Debug|x64.Build.0 = Debug|Any CPU
		{3F46A90A-2A17-4110-A840-2AB75E03AB7D}.Debug|x86.ActiveCfg = Debug|Any CPU
		{3F46A90A-2A17-4110-A840-2AB75E03AB7D}.Debug|x86.Build.0 = Debug|Any CPU
		{3F46A90A-2A17-4110-A840-2AB75E03AB7D}.Release|Any CPU.ActiveCfg = Release|Any CPU
		{3F46A90A-2A17-4110-A840-2AB75E03AB7D}.Release|Any CPU.Build.0 = Release|Any CPU
		{3F46A90A-2A17-4110-A840-2AB75E03AB7D}.Release|ARM.ActiveCfg = Release|Any CPU
		{3F46A90A-2A17-4110-A840-2AB75E03AB7D}.Release|ARM.Build.0 = Release|Any CPU
		{3F46A90A-2A17-4110-A840-2AB75E03AB7D}.Release|ARM64.ActiveCfg = Release|Any CPU
		{3F46A90A-2A17-4110-A840-2AB75E03AB7D}.Release|ARM64.Build.0 = Release|Any CPU
		{3F46A90A-2A17-4110-A840-2AB75E03AB7D}.Release|x64.ActiveCfg = Release|Any CPU
		{3F46A90A-2A17-4110-A840-2AB75E03AB7D}.Release|x64.Build.0 = Release|Any CPU
		{3F46A90A-2A17-4110-A840-2AB75E03AB7D}.Release|x86.ActiveCfg = Release|Any CPU
		{3F46A90A-2A17-4110-A840-2AB75E03AB7D}.Release|x86.Build.0 = Release|Any CPU
		{30F59AE7-E378-46F7-A627-5679BFF045B0}.Debug|Any CPU.ActiveCfg = Debug|Any CPU
		{30F59AE7-E378-46F7-A627-5679BFF045B0}.Debug|Any CPU.Build.0 = Debug|Any CPU
		{30F59AE7-E378-46F7-A627-5679BFF045B0}.Debug|ARM.ActiveCfg = Debug|Any CPU
		{30F59AE7-E378-46F7-A627-5679BFF045B0}.Debug|ARM.Build.0 = Debug|Any CPU
		{30F59AE7-E378-46F7-A627-5679BFF045B0}.Debug|ARM64.ActiveCfg = Debug|Any CPU
		{30F59AE7-E378-46F7-A627-5679BFF045B0}.Debug|ARM64.Build.0 = Debug|Any CPU
		{30F59AE7-E378-46F7-A627-5679BFF045B0}.Debug|x64.ActiveCfg = Debug|Any CPU
		{30F59AE7-E378-46F7-A627-5679BFF045B0}.Debug|x64.Build.0 = Debug|Any CPU
		{30F59AE7-E378-46F7-A627-5679BFF045B0}.Debug|x86.ActiveCfg = Debug|Any CPU
		{30F59AE7-E378-46F7-A627-5679BFF045B0}.Debug|x86.Build.0 = Debug|Any CPU
		{30F59AE7-E378-46F7-A627-5679BFF045B0}.Release|Any CPU.ActiveCfg = Release|Any CPU
		{30F59AE7-E378-46F7-A627-5679BFF045B0}.Release|Any CPU.Build.0 = Release|Any CPU
		{30F59AE7-E378-46F7-A627-5679BFF045B0}.Release|ARM.ActiveCfg = Release|Any CPU
		{30F59AE7-E378-46F7-A627-5679BFF045B0}.Release|ARM.Build.0 = Release|Any CPU
		{30F59AE7-E378-46F7-A627-5679BFF045B0}.Release|ARM64.ActiveCfg = Release|Any CPU
		{30F59AE7-E378-46F7-A627-5679BFF045B0}.Release|ARM64.Build.0 = Release|Any CPU
		{30F59AE7-E378-46F7-A627-5679BFF045B0}.Release|x64.ActiveCfg = Release|Any CPU
		{30F59AE7-E378-46F7-A627-5679BFF045B0}.Release|x64.Build.0 = Release|Any CPU
		{30F59AE7-E378-46F7-A627-5679BFF045B0}.Release|x86.ActiveCfg = Release|Any CPU
		{30F59AE7-E378-46F7-A627-5679BFF045B0}.Release|x86.Build.0 = Release|Any CPU
		{66404954-690B-47D3-8182-000CC950755E}.Debug|Any CPU.ActiveCfg = Debug|Any CPU
		{66404954-690B-47D3-8182-000CC950755E}.Debug|Any CPU.Build.0 = Debug|Any CPU
		{66404954-690B-47D3-8182-000CC950755E}.Debug|ARM.ActiveCfg = Debug|Any CPU
		{66404954-690B-47D3-8182-000CC950755E}.Debug|ARM.Build.0 = Debug|Any CPU
		{66404954-690B-47D3-8182-000CC950755E}.Debug|ARM64.ActiveCfg = Debug|Any CPU
		{66404954-690B-47D3-8182-000CC950755E}.Debug|ARM64.Build.0 = Debug|Any CPU
		{66404954-690B-47D3-8182-000CC950755E}.Debug|x64.ActiveCfg = Debug|Any CPU
		{66404954-690B-47D3-8182-000CC950755E}.Debug|x64.Build.0 = Debug|Any CPU
		{66404954-690B-47D3-8182-000CC950755E}.Debug|x86.ActiveCfg = Debug|Any CPU
		{66404954-690B-47D3-8182-000CC950755E}.Debug|x86.Build.0 = Debug|Any CPU
		{66404954-690B-47D3-8182-000CC950755E}.Release|Any CPU.ActiveCfg = Release|Any CPU
		{66404954-690B-47D3-8182-000CC950755E}.Release|Any CPU.Build.0 = Release|Any CPU
		{66404954-690B-47D3-8182-000CC950755E}.Release|ARM.ActiveCfg = Release|Any CPU
		{66404954-690B-47D3-8182-000CC950755E}.Release|ARM.Build.0 = Release|Any CPU
		{66404954-690B-47D3-8182-000CC950755E}.Release|ARM64.ActiveCfg = Release|Any CPU
		{66404954-690B-47D3-8182-000CC950755E}.Release|ARM64.Build.0 = Release|Any CPU
		{66404954-690B-47D3-8182-000CC950755E}.Release|x64.ActiveCfg = Release|Any CPU
		{66404954-690B-47D3-8182-000CC950755E}.Release|x64.Build.0 = Release|Any CPU
		{66404954-690B-47D3-8182-000CC950755E}.Release|x86.ActiveCfg = Release|Any CPU
		{66404954-690B-47D3-8182-000CC950755E}.Release|x86.Build.0 = Release|Any CPU
		{C0380685-F0EC-4A90-84C2-672F961142D0}.Debug|Any CPU.ActiveCfg = Debug|Any CPU
		{C0380685-F0EC-4A90-84C2-672F961142D0}.Debug|Any CPU.Build.0 = Debug|Any CPU
		{C0380685-F0EC-4A90-84C2-672F961142D0}.Debug|ARM.ActiveCfg = Debug|Any CPU
		{C0380685-F0EC-4A90-84C2-672F961142D0}.Debug|ARM.Build.0 = Debug|Any CPU
		{C0380685-F0EC-4A90-84C2-672F961142D0}.Debug|ARM64.ActiveCfg = Debug|Any CPU
		{C0380685-F0EC-4A90-84C2-672F961142D0}.Debug|ARM64.Build.0 = Debug|Any CPU
		{C0380685-F0EC-4A90-84C2-672F961142D0}.Debug|x64.ActiveCfg = Debug|Any CPU
		{C0380685-F0EC-4A90-84C2-672F961142D0}.Debug|x64.Build.0 = Debug|Any CPU
		{C0380685-F0EC-4A90-84C2-672F961142D0}.Debug|x86.ActiveCfg = Debug|Any CPU
		{C0380685-F0EC-4A90-84C2-672F961142D0}.Debug|x86.Build.0 = Debug|Any CPU
		{C0380685-F0EC-4A90-84C2-672F961142D0}.Release|Any CPU.ActiveCfg = Release|Any CPU
		{C0380685-F0EC-4A90-84C2-672F961142D0}.Release|Any CPU.Build.0 = Release|Any CPU
		{C0380685-F0EC-4A90-84C2-672F961142D0}.Release|ARM.ActiveCfg = Release|Any CPU
		{C0380685-F0EC-4A90-84C2-672F961142D0}.Release|ARM.Build.0 = Release|Any CPU
		{C0380685-F0EC-4A90-84C2-672F961142D0}.Release|ARM64.ActiveCfg = Release|Any CPU
		{C0380685-F0EC-4A90-84C2-672F961142D0}.Release|ARM64.Build.0 = Release|Any CPU
		{C0380685-F0EC-4A90-84C2-672F961142D0}.Release|x64.ActiveCfg = Release|Any CPU
		{C0380685-F0EC-4A90-84C2-672F961142D0}.Release|x64.Build.0 = Release|Any CPU
		{C0380685-F0EC-4A90-84C2-672F961142D0}.Release|x86.ActiveCfg = Release|Any CPU
		{C0380685-F0EC-4A90-84C2-672F961142D0}.Release|x86.Build.0 = Release|Any CPU
		{74F05000-4686-48FE-838B-84C7950FDFDD}.Debug|Any CPU.ActiveCfg = Debug|Any CPU
		{74F05000-4686-48FE-838B-84C7950FDFDD}.Debug|Any CPU.Build.0 = Debug|Any CPU
		{74F05000-4686-48FE-838B-84C7950FDFDD}.Debug|ARM.ActiveCfg = Debug|Any CPU
		{74F05000-4686-48FE-838B-84C7950FDFDD}.Debug|ARM.Build.0 = Debug|Any CPU
		{74F05000-4686-48FE-838B-84C7950FDFDD}.Debug|ARM64.ActiveCfg = Debug|Any CPU
		{74F05000-4686-48FE-838B-84C7950FDFDD}.Debug|ARM64.Build.0 = Debug|Any CPU
		{74F05000-4686-48FE-838B-84C7950FDFDD}.Debug|x64.ActiveCfg = Debug|Any CPU
		{74F05000-4686-48FE-838B-84C7950FDFDD}.Debug|x64.Build.0 = Debug|Any CPU
		{74F05000-4686-48FE-838B-84C7950FDFDD}.Debug|x86.ActiveCfg = Debug|Any CPU
		{74F05000-4686-48FE-838B-84C7950FDFDD}.Debug|x86.Build.0 = Debug|Any CPU
		{74F05000-4686-48FE-838B-84C7950FDFDD}.Release|Any CPU.ActiveCfg = Release|Any CPU
		{74F05000-4686-48FE-838B-84C7950FDFDD}.Release|Any CPU.Build.0 = Release|Any CPU
		{74F05000-4686-48FE-838B-84C7950FDFDD}.Release|ARM.ActiveCfg = Release|Any CPU
		{74F05000-4686-48FE-838B-84C7950FDFDD}.Release|ARM.Build.0 = Release|Any CPU
		{74F05000-4686-48FE-838B-84C7950FDFDD}.Release|ARM64.ActiveCfg = Release|Any CPU
		{74F05000-4686-48FE-838B-84C7950FDFDD}.Release|ARM64.Build.0 = Release|Any CPU
		{74F05000-4686-48FE-838B-84C7950FDFDD}.Release|x64.ActiveCfg = Release|Any CPU
		{74F05000-4686-48FE-838B-84C7950FDFDD}.Release|x64.Build.0 = Release|Any CPU
		{74F05000-4686-48FE-838B-84C7950FDFDD}.Release|x86.ActiveCfg = Release|Any CPU
		{74F05000-4686-48FE-838B-84C7950FDFDD}.Release|x86.Build.0 = Release|Any CPU
		{2F793709-A66C-4BB6-9C76-244A9D4A2BB7}.Debug|Any CPU.ActiveCfg = Debug|Any CPU
		{2F793709-A66C-4BB6-9C76-244A9D4A2BB7}.Debug|Any CPU.Build.0 = Debug|Any CPU
		{2F793709-A66C-4BB6-9C76-244A9D4A2BB7}.Debug|ARM.ActiveCfg = Debug|Any CPU
		{2F793709-A66C-4BB6-9C76-244A9D4A2BB7}.Debug|ARM.Build.0 = Debug|Any CPU
		{2F793709-A66C-4BB6-9C76-244A9D4A2BB7}.Debug|ARM64.ActiveCfg = Debug|Any CPU
		{2F793709-A66C-4BB6-9C76-244A9D4A2BB7}.Debug|ARM64.Build.0 = Debug|Any CPU
		{2F793709-A66C-4BB6-9C76-244A9D4A2BB7}.Debug|x64.ActiveCfg = Debug|Any CPU
		{2F793709-A66C-4BB6-9C76-244A9D4A2BB7}.Debug|x64.Build.0 = Debug|Any CPU
		{2F793709-A66C-4BB6-9C76-244A9D4A2BB7}.Debug|x86.ActiveCfg = Debug|Any CPU
		{2F793709-A66C-4BB6-9C76-244A9D4A2BB7}.Debug|x86.Build.0 = Debug|Any CPU
		{2F793709-A66C-4BB6-9C76-244A9D4A2BB7}.Release|Any CPU.ActiveCfg = Release|Any CPU
		{2F793709-A66C-4BB6-9C76-244A9D4A2BB7}.Release|Any CPU.Build.0 = Release|Any CPU
		{2F793709-A66C-4BB6-9C76-244A9D4A2BB7}.Release|ARM.ActiveCfg = Release|Any CPU
		{2F793709-A66C-4BB6-9C76-244A9D4A2BB7}.Release|ARM.Build.0 = Release|Any CPU
		{2F793709-A66C-4BB6-9C76-244A9D4A2BB7}.Release|ARM64.ActiveCfg = Release|Any CPU
		{2F793709-A66C-4BB6-9C76-244A9D4A2BB7}.Release|ARM64.Build.0 = Release|Any CPU
		{2F793709-A66C-4BB6-9C76-244A9D4A2BB7}.Release|x64.ActiveCfg = Release|Any CPU
		{2F793709-A66C-4BB6-9C76-244A9D4A2BB7}.Release|x64.Build.0 = Release|Any CPU
		{2F793709-A66C-4BB6-9C76-244A9D4A2BB7}.Release|x86.ActiveCfg = Release|Any CPU
		{2F793709-A66C-4BB6-9C76-244A9D4A2BB7}.Release|x86.Build.0 = Release|Any CPU
		{F61B0C4B-8E14-4242-8B25-DA32EE959D57}.Debug|Any CPU.ActiveCfg = Debug|Any CPU
		{F61B0C4B-8E14-4242-8B25-DA32EE959D57}.Debug|Any CPU.Build.0 = Debug|Any CPU
		{F61B0C4B-8E14-4242-8B25-DA32EE959D57}.Debug|ARM.ActiveCfg = Debug|Any CPU
		{F61B0C4B-8E14-4242-8B25-DA32EE959D57}.Debug|ARM.Build.0 = Debug|Any CPU
		{F61B0C4B-8E14-4242-8B25-DA32EE959D57}.Debug|ARM64.ActiveCfg = Debug|Any CPU
		{F61B0C4B-8E14-4242-8B25-DA32EE959D57}.Debug|ARM64.Build.0 = Debug|Any CPU
		{F61B0C4B-8E14-4242-8B25-DA32EE959D57}.Debug|x64.ActiveCfg = Debug|Any CPU
		{F61B0C4B-8E14-4242-8B25-DA32EE959D57}.Debug|x64.Build.0 = Debug|Any CPU
		{F61B0C4B-8E14-4242-8B25-DA32EE959D57}.Debug|x86.ActiveCfg = Debug|Any CPU
		{F61B0C4B-8E14-4242-8B25-DA32EE959D57}.Debug|x86.Build.0 = Debug|Any CPU
		{F61B0C4B-8E14-4242-8B25-DA32EE959D57}.Release|Any CPU.ActiveCfg = Release|Any CPU
		{F61B0C4B-8E14-4242-8B25-DA32EE959D57}.Release|Any CPU.Build.0 = Release|Any CPU
		{F61B0C4B-8E14-4242-8B25-DA32EE959D57}.Release|ARM.ActiveCfg = Release|Any CPU
		{F61B0C4B-8E14-4242-8B25-DA32EE959D57}.Release|ARM.Build.0 = Release|Any CPU
		{F61B0C4B-8E14-4242-8B25-DA32EE959D57}.Release|ARM64.ActiveCfg = Release|Any CPU
		{F61B0C4B-8E14-4242-8B25-DA32EE959D57}.Release|ARM64.Build.0 = Release|Any CPU
		{F61B0C4B-8E14-4242-8B25-DA32EE959D57}.Release|x64.ActiveCfg = Release|Any CPU
		{F61B0C4B-8E14-4242-8B25-DA32EE959D57}.Release|x64.Build.0 = Release|Any CPU
		{F61B0C4B-8E14-4242-8B25-DA32EE959D57}.Release|x86.ActiveCfg = Release|Any CPU
		{F61B0C4B-8E14-4242-8B25-DA32EE959D57}.Release|x86.Build.0 = Release|Any CPU
		{C5B650A3-4A71-4CFB-85BD-1C7FFBACF2AF}.Debug|Any CPU.ActiveCfg = Debug|Any CPU
		{C5B650A3-4A71-4CFB-85BD-1C7FFBACF2AF}.Debug|Any CPU.Build.0 = Debug|Any CPU
		{C5B650A3-4A71-4CFB-85BD-1C7FFBACF2AF}.Debug|ARM.ActiveCfg = Debug|Any CPU
		{C5B650A3-4A71-4CFB-85BD-1C7FFBACF2AF}.Debug|ARM.Build.0 = Debug|Any CPU
		{C5B650A3-4A71-4CFB-85BD-1C7FFBACF2AF}.Debug|ARM64.ActiveCfg = Debug|Any CPU
		{C5B650A3-4A71-4CFB-85BD-1C7FFBACF2AF}.Debug|ARM64.Build.0 = Debug|Any CPU
		{C5B650A3-4A71-4CFB-85BD-1C7FFBACF2AF}.Debug|x64.ActiveCfg = Debug|Any CPU
		{C5B650A3-4A71-4CFB-85BD-1C7FFBACF2AF}.Debug|x64.Build.0 = Debug|Any CPU
		{C5B650A3-4A71-4CFB-85BD-1C7FFBACF2AF}.Debug|x86.ActiveCfg = Debug|Any CPU
		{C5B650A3-4A71-4CFB-85BD-1C7FFBACF2AF}.Debug|x86.Build.0 = Debug|Any CPU
		{C5B650A3-4A71-4CFB-85BD-1C7FFBACF2AF}.Release|Any CPU.ActiveCfg = Release|Any CPU
		{C5B650A3-4A71-4CFB-85BD-1C7FFBACF2AF}.Release|Any CPU.Build.0 = Release|Any CPU
		{C5B650A3-4A71-4CFB-85BD-1C7FFBACF2AF}.Release|ARM.ActiveCfg = Release|Any CPU
		{C5B650A3-4A71-4CFB-85BD-1C7FFBACF2AF}.Release|ARM.Build.0 = Release|Any CPU
		{C5B650A3-4A71-4CFB-85BD-1C7FFBACF2AF}.Release|ARM64.ActiveCfg = Release|Any CPU
		{C5B650A3-4A71-4CFB-85BD-1C7FFBACF2AF}.Release|ARM64.Build.0 = Release|Any CPU
		{C5B650A3-4A71-4CFB-85BD-1C7FFBACF2AF}.Release|x64.ActiveCfg = Release|Any CPU
		{C5B650A3-4A71-4CFB-85BD-1C7FFBACF2AF}.Release|x64.Build.0 = Release|Any CPU
		{C5B650A3-4A71-4CFB-85BD-1C7FFBACF2AF}.Release|x86.ActiveCfg = Release|Any CPU
		{C5B650A3-4A71-4CFB-85BD-1C7FFBACF2AF}.Release|x86.Build.0 = Release|Any CPU
		{C44E25BC-6DDE-4132-8248-AF01210E394E}.Debug|Any CPU.ActiveCfg = Debug|Any CPU
		{C44E25BC-6DDE-4132-8248-AF01210E394E}.Debug|Any CPU.Build.0 = Debug|Any CPU
		{C44E25BC-6DDE-4132-8248-AF01210E394E}.Debug|ARM.ActiveCfg = Debug|Any CPU
		{C44E25BC-6DDE-4132-8248-AF01210E394E}.Debug|ARM.Build.0 = Debug|Any CPU
		{C44E25BC-6DDE-4132-8248-AF01210E394E}.Debug|ARM64.ActiveCfg = Debug|Any CPU
		{C44E25BC-6DDE-4132-8248-AF01210E394E}.Debug|ARM64.Build.0 = Debug|Any CPU
		{C44E25BC-6DDE-4132-8248-AF01210E394E}.Debug|x64.ActiveCfg = Debug|Any CPU
		{C44E25BC-6DDE-4132-8248-AF01210E394E}.Debug|x64.Build.0 = Debug|Any CPU
		{C44E25BC-6DDE-4132-8248-AF01210E394E}.Debug|x86.ActiveCfg = Debug|Any CPU
		{C44E25BC-6DDE-4132-8248-AF01210E394E}.Debug|x86.Build.0 = Debug|Any CPU
		{C44E25BC-6DDE-4132-8248-AF01210E394E}.Release|Any CPU.ActiveCfg = Release|Any CPU
		{C44E25BC-6DDE-4132-8248-AF01210E394E}.Release|Any CPU.Build.0 = Release|Any CPU
		{C44E25BC-6DDE-4132-8248-AF01210E394E}.Release|ARM.ActiveCfg = Release|Any CPU
		{C44E25BC-6DDE-4132-8248-AF01210E394E}.Release|ARM.Build.0 = Release|Any CPU
		{C44E25BC-6DDE-4132-8248-AF01210E394E}.Release|ARM64.ActiveCfg = Release|Any CPU
		{C44E25BC-6DDE-4132-8248-AF01210E394E}.Release|ARM64.Build.0 = Release|Any CPU
		{C44E25BC-6DDE-4132-8248-AF01210E394E}.Release|x64.ActiveCfg = Release|Any CPU
		{C44E25BC-6DDE-4132-8248-AF01210E394E}.Release|x64.Build.0 = Release|Any CPU
		{C44E25BC-6DDE-4132-8248-AF01210E394E}.Release|x86.ActiveCfg = Release|Any CPU
		{C44E25BC-6DDE-4132-8248-AF01210E394E}.Release|x86.Build.0 = Release|Any CPU
		{0D38C06A-395D-4064-A380-FC37D1668C02}.Debug|Any CPU.ActiveCfg = Debug|Any CPU
		{0D38C06A-395D-4064-A380-FC37D1668C02}.Debug|Any CPU.Build.0 = Debug|Any CPU
		{0D38C06A-395D-4064-A380-FC37D1668C02}.Debug|ARM.ActiveCfg = Debug|Any CPU
		{0D38C06A-395D-4064-A380-FC37D1668C02}.Debug|ARM.Build.0 = Debug|Any CPU
		{0D38C06A-395D-4064-A380-FC37D1668C02}.Debug|ARM64.ActiveCfg = Debug|Any CPU
		{0D38C06A-395D-4064-A380-FC37D1668C02}.Debug|ARM64.Build.0 = Debug|Any CPU
		{0D38C06A-395D-4064-A380-FC37D1668C02}.Debug|x64.ActiveCfg = Debug|Any CPU
		{0D38C06A-395D-4064-A380-FC37D1668C02}.Debug|x64.Build.0 = Debug|Any CPU
		{0D38C06A-395D-4064-A380-FC37D1668C02}.Debug|x86.ActiveCfg = Debug|Any CPU
		{0D38C06A-395D-4064-A380-FC37D1668C02}.Debug|x86.Build.0 = Debug|Any CPU
		{0D38C06A-395D-4064-A380-FC37D1668C02}.Release|Any CPU.ActiveCfg = Release|Any CPU
		{0D38C06A-395D-4064-A380-FC37D1668C02}.Release|Any CPU.Build.0 = Release|Any CPU
		{0D38C06A-395D-4064-A380-FC37D1668C02}.Release|ARM.ActiveCfg = Release|Any CPU
		{0D38C06A-395D-4064-A380-FC37D1668C02}.Release|ARM.Build.0 = Release|Any CPU
		{0D38C06A-395D-4064-A380-FC37D1668C02}.Release|ARM64.ActiveCfg = Release|Any CPU
		{0D38C06A-395D-4064-A380-FC37D1668C02}.Release|ARM64.Build.0 = Release|Any CPU
		{0D38C06A-395D-4064-A380-FC37D1668C02}.Release|x64.ActiveCfg = Release|Any CPU
		{0D38C06A-395D-4064-A380-FC37D1668C02}.Release|x64.Build.0 = Release|Any CPU
		{0D38C06A-395D-4064-A380-FC37D1668C02}.Release|x86.ActiveCfg = Release|Any CPU
		{0D38C06A-395D-4064-A380-FC37D1668C02}.Release|x86.Build.0 = Release|Any CPU
		{E2561692-4DB4-4CB5-80C2-32D02B3F9AB4}.Debug|Any CPU.ActiveCfg = Debug|Any CPU
		{E2561692-4DB4-4CB5-80C2-32D02B3F9AB4}.Debug|Any CPU.Build.0 = Debug|Any CPU
		{E2561692-4DB4-4CB5-80C2-32D02B3F9AB4}.Debug|ARM.ActiveCfg = Debug|Any CPU
		{E2561692-4DB4-4CB5-80C2-32D02B3F9AB4}.Debug|ARM.Build.0 = Debug|Any CPU
		{E2561692-4DB4-4CB5-80C2-32D02B3F9AB4}.Debug|ARM64.ActiveCfg = Debug|Any CPU
		{E2561692-4DB4-4CB5-80C2-32D02B3F9AB4}.Debug|ARM64.Build.0 = Debug|Any CPU
		{E2561692-4DB4-4CB5-80C2-32D02B3F9AB4}.Debug|x64.ActiveCfg = Debug|Any CPU
		{E2561692-4DB4-4CB5-80C2-32D02B3F9AB4}.Debug|x64.Build.0 = Debug|Any CPU
		{E2561692-4DB4-4CB5-80C2-32D02B3F9AB4}.Debug|x86.ActiveCfg = Debug|Any CPU
		{E2561692-4DB4-4CB5-80C2-32D02B3F9AB4}.Debug|x86.Build.0 = Debug|Any CPU
		{E2561692-4DB4-4CB5-80C2-32D02B3F9AB4}.Release|Any CPU.ActiveCfg = Release|Any CPU
		{E2561692-4DB4-4CB5-80C2-32D02B3F9AB4}.Release|Any CPU.Build.0 = Release|Any CPU
		{E2561692-4DB4-4CB5-80C2-32D02B3F9AB4}.Release|ARM.ActiveCfg = Release|Any CPU
		{E2561692-4DB4-4CB5-80C2-32D02B3F9AB4}.Release|ARM.Build.0 = Release|Any CPU
		{E2561692-4DB4-4CB5-80C2-32D02B3F9AB4}.Release|ARM64.ActiveCfg = Release|Any CPU
		{E2561692-4DB4-4CB5-80C2-32D02B3F9AB4}.Release|ARM64.Build.0 = Release|Any CPU
		{E2561692-4DB4-4CB5-80C2-32D02B3F9AB4}.Release|x64.ActiveCfg = Release|Any CPU
		{E2561692-4DB4-4CB5-80C2-32D02B3F9AB4}.Release|x64.Build.0 = Release|Any CPU
		{E2561692-4DB4-4CB5-80C2-32D02B3F9AB4}.Release|x86.ActiveCfg = Release|Any CPU
		{E2561692-4DB4-4CB5-80C2-32D02B3F9AB4}.Release|x86.Build.0 = Release|Any CPU
		{9AD714D2-CD14-497B-8924-9F46E9DB5F39}.Debug|Any CPU.ActiveCfg = Debug|Any CPU
		{9AD714D2-CD14-497B-8924-9F46E9DB5F39}.Debug|Any CPU.Build.0 = Debug|Any CPU
		{9AD714D2-CD14-497B-8924-9F46E9DB5F39}.Debug|ARM.ActiveCfg = Debug|Any CPU
		{9AD714D2-CD14-497B-8924-9F46E9DB5F39}.Debug|ARM.Build.0 = Debug|Any CPU
		{9AD714D2-CD14-497B-8924-9F46E9DB5F39}.Debug|ARM64.ActiveCfg = Debug|Any CPU
		{9AD714D2-CD14-497B-8924-9F46E9DB5F39}.Debug|ARM64.Build.0 = Debug|Any CPU
		{9AD714D2-CD14-497B-8924-9F46E9DB5F39}.Debug|x64.ActiveCfg = Debug|Any CPU
		{9AD714D2-CD14-497B-8924-9F46E9DB5F39}.Debug|x64.Build.0 = Debug|Any CPU
		{9AD714D2-CD14-497B-8924-9F46E9DB5F39}.Debug|x86.ActiveCfg = Debug|Any CPU
		{9AD714D2-CD14-497B-8924-9F46E9DB5F39}.Debug|x86.Build.0 = Debug|Any CPU
		{9AD714D2-CD14-497B-8924-9F46E9DB5F39}.Release|Any CPU.ActiveCfg = Release|Any CPU
		{9AD714D2-CD14-497B-8924-9F46E9DB5F39}.Release|Any CPU.Build.0 = Release|Any CPU
		{9AD714D2-CD14-497B-8924-9F46E9DB5F39}.Release|ARM.ActiveCfg = Release|Any CPU
		{9AD714D2-CD14-497B-8924-9F46E9DB5F39}.Release|ARM.Build.0 = Release|Any CPU
		{9AD714D2-CD14-497B-8924-9F46E9DB5F39}.Release|ARM64.ActiveCfg = Release|Any CPU
		{9AD714D2-CD14-497B-8924-9F46E9DB5F39}.Release|ARM64.Build.0 = Release|Any CPU
		{9AD714D2-CD14-497B-8924-9F46E9DB5F39}.Release|x64.ActiveCfg = Release|Any CPU
		{9AD714D2-CD14-497B-8924-9F46E9DB5F39}.Release|x64.Build.0 = Release|Any CPU
		{9AD714D2-CD14-497B-8924-9F46E9DB5F39}.Release|x86.ActiveCfg = Release|Any CPU
		{9AD714D2-CD14-497B-8924-9F46E9DB5F39}.Release|x86.Build.0 = Release|Any CPU
		{8A46BDAC-20BB-455C-B4B0-F287B319F3D0}.Debug|Any CPU.ActiveCfg = Debug|Any CPU
		{8A46BDAC-20BB-455C-B4B0-F287B319F3D0}.Debug|Any CPU.Build.0 = Debug|Any CPU
		{8A46BDAC-20BB-455C-B4B0-F287B319F3D0}.Debug|ARM.ActiveCfg = Debug|Any CPU
		{8A46BDAC-20BB-455C-B4B0-F287B319F3D0}.Debug|ARM.Build.0 = Debug|Any CPU
		{8A46BDAC-20BB-455C-B4B0-F287B319F3D0}.Debug|ARM64.ActiveCfg = Debug|Any CPU
		{8A46BDAC-20BB-455C-B4B0-F287B319F3D0}.Debug|ARM64.Build.0 = Debug|Any CPU
		{8A46BDAC-20BB-455C-B4B0-F287B319F3D0}.Debug|x64.ActiveCfg = Debug|Any CPU
		{8A46BDAC-20BB-455C-B4B0-F287B319F3D0}.Debug|x64.Build.0 = Debug|Any CPU
		{8A46BDAC-20BB-455C-B4B0-F287B319F3D0}.Debug|x86.ActiveCfg = Debug|Any CPU
		{8A46BDAC-20BB-455C-B4B0-F287B319F3D0}.Debug|x86.Build.0 = Debug|Any CPU
		{8A46BDAC-20BB-455C-B4B0-F287B319F3D0}.Release|Any CPU.ActiveCfg = Release|Any CPU
		{8A46BDAC-20BB-455C-B4B0-F287B319F3D0}.Release|Any CPU.Build.0 = Release|Any CPU
		{8A46BDAC-20BB-455C-B4B0-F287B319F3D0}.Release|ARM.ActiveCfg = Release|Any CPU
		{8A46BDAC-20BB-455C-B4B0-F287B319F3D0}.Release|ARM.Build.0 = Release|Any CPU
		{8A46BDAC-20BB-455C-B4B0-F287B319F3D0}.Release|ARM64.ActiveCfg = Release|Any CPU
		{8A46BDAC-20BB-455C-B4B0-F287B319F3D0}.Release|ARM64.Build.0 = Release|Any CPU
		{8A46BDAC-20BB-455C-B4B0-F287B319F3D0}.Release|x64.ActiveCfg = Release|Any CPU
		{8A46BDAC-20BB-455C-B4B0-F287B319F3D0}.Release|x64.Build.0 = Release|Any CPU
		{8A46BDAC-20BB-455C-B4B0-F287B319F3D0}.Release|x86.ActiveCfg = Release|Any CPU
		{8A46BDAC-20BB-455C-B4B0-F287B319F3D0}.Release|x86.Build.0 = Release|Any CPU
	EndGlobalSection
	GlobalSection(SolutionProperties) = preSolution
		HideSolutionNode = FALSE
	EndGlobalSection
	GlobalSection(ExtensibilityGlobals) = postSolution
		SolutionGuid = {1CDC2BC9-4D3D-462A-84E3-2246C14D455B}
	EndGlobalSection
EndGlobal
